PODS:
  - Expecta (1.0.6)
  - Mage (0.1.0)
  - Specta (1.0.7)

DEPENDENCIES:
  - Expecta
  - Mage (from `../`)
  - Specta

SPEC REPOS:
  trunk:
    - Expecta
    - Specta

EXTERNAL SOURCES:
  Mage:
    :path: "../"

SPEC CHECKSUMS:
  Expecta: 3b6bd90a64b9a1dcb0b70aa0e10a7f8f631667d5
  Mage: 5c856ebedc59d0eeade113f6948c7109f6849c68
  Specta: 3e1bd89c3517421982dc4d1c992503e48bd5fe66

PODFILE CHECKSUM: b39fb269facc74809114f67ceb5de2b56f886dfb

COCOAPODS: 1.9.3
