PODS:
  - Expecta (1.0.6)
  - Mage (0.1.0)
  - Specta (1.0.7)

DEPENDENCIES:
  - Expecta
  - Mage (from `../`)
  - Specta

SPEC REPOS:
  trunk:
    - Expecta
    - Specta

EXTERNAL SOURCES:
  Mage:
    :path: "../"

SPEC CHECKSUMS:
  Expecta: 3b6bd90a64b9a1dcb0b70aa0e10a7f8f631667d5
  Mage: c11c8ce2eb4b22550a936e727d169d8709274639
  Specta: 3e1bd89c3517421982dc4d1c992503e48bd5fe66

PODFILE CHECKSUM: 925a84f2b7959d934cb3d7cce58978d5cb36702f

COCOAPODS: 1.9.3
